
Microsoft Visual Studio Solution File, Format Version 12.00
# Visual Studio Version 17
VisualStudioVersion = 17.7.34024.191
MinimumVisualStudioVersion = 10.0.40219.1
Project("{9A19103F-16F7-4668-BE54-9A1E7A4F7556}") = "CursoWindowsForms", "CursoWindowsForms\CursoWindowsForms.csproj", "{8ED345BB-F14E-472B-B97A-BA8C9C8F9FEE}"
EndProject
Project("{FAE04EC0-301F-11D3-BF4B-00C04F79EFBC}") = "CursoWindowsFormsBiblioteca", "CursoWindowsFormsBiblioteca\CursoWindowsFormsBiblioteca.csproj", "{FE7C2DCB-EBE6-49AA-A43C-B67A777A3EED}"
EndProject
Global
	GlobalSection(SolutionConfigurationPlatforms) = preSolution
		Debug|Any CPU = Debug|Any CPU
		Release|Any CPU = Release|Any CPU
	EndGlobalSection
	GlobalSection(ProjectConfigurationPlatforms) = postSolution
		{8ED345BB-F14E-472B-B97A-BA8C9C8F9FEE}.Debug|Any CPU.ActiveCfg = Debug|Any CPU
		{8ED345BB-F14E-472B-B97A-BA8C9C8F9FEE}.Debug|Any CPU.Build.0 = Debug|Any CPU
		{8ED345BB-F14E-472B-B97A-BA8C9C8F9FEE}.Release|Any CPU.ActiveCfg = Release|Any CPU
		{8ED345BB-F14E-472B-B97A-BA8C9C8F9FEE}.Release|Any CPU.Build.0 = Release|Any CPU
		{FE7C2DCB-EBE6-49AA-A43C-B67A777A3EED}.Debug|Any CPU.ActiveCfg = Debug|Any CPU
		{FE7C2DCB-EBE6-49AA-A43C-B67A777A3EED}.Debug|Any CPU.Build.0 = Debug|Any CPU
		{FE7C2DCB-EBE6-49AA-A43C-B67A777A3EED}.Release|Any CPU.ActiveCfg = Release|Any CPU
		{FE7C2DCB-EBE6-49AA-A43C-B67A777A3EED}.Release|Any CPU.Build.0 = Release|Any CPU
	EndGlobalSection
	GlobalSection(SolutionProperties) = preSolution
		HideSolutionNode = FALSE
	EndGlobalSection
	GlobalSection(ExtensibilityGlobals) = postSolution
		SolutionGuid = {955CB5B6-DBE5-47A4-8483-DE674D00B023}
	EndGlobalSection
EndGlobal
